
Microsoft Visual Studio Solution File, Format Version 12.00
# Visual Studio Version 17
VisualStudioVersion = 17.10.34928.147
MinimumVisualStudioVersion = 10.0.40219.1
Project("{9A19103F-16F7-4668-BE54-9A1E7A4F7556}") = "VPMSWeb", "VPMS\VPMSWeb.csproj", "{AADC18B6-A252-4C82-95F5-13F43DEA70E5}"
EndProject
Project("{9A19103F-16F7-4668-BE54-9A1E7A4F7556}") = "VPMS.Lib.Data", "VPMS.Lib.Data\VPMS.Lib.Data.csproj", "{6E62ABC4-FA94-40ED-B5C1-A641F91AE7B2}"
EndProject
Global
	GlobalSection(SolutionConfigurationPlatforms) = preSolution
		Debug|Any CPU = Debug|Any CPU
		Release|Any CPU = Release|Any CPU
	EndGlobalSection
	GlobalSection(ProjectConfigurationPlatforms) = postSolution
		{AADC18B6-A252-4C82-95F5-13F43DEA70E5}.Debug|Any CPU.ActiveCfg = Debug|Any CPU
		{AADC18B6-A252-4C82-95F5-13F43DEA70E5}.Debug|Any CPU.Build.0 = Debug|Any CPU
		{AADC18B6-A252-4C82-95F5-13F43DEA70E5}.Release|Any CPU.ActiveCfg = Release|Any CPU
		{AADC18B6-A252-4C82-95F5-13F43DEA70E5}.Release|Any CPU.Build.0 = Release|Any CPU
		{6E62ABC4-FA94-40ED-B5C1-A641F91AE7B2}.Debug|Any CPU.ActiveCfg = Debug|Any CPU
		{6E62ABC4-FA94-40ED-B5C1-A641F91AE7B2}.Debug|Any CPU.Build.0 = Debug|Any CPU
		{6E62ABC4-FA94-40ED-B5C1-A641F91AE7B2}.Release|Any CPU.ActiveCfg = Release|Any CPU
		{6E62ABC4-FA94-40ED-B5C1-A641F91AE7B2}.Release|Any CPU.Build.0 = Release|Any CPU
	EndGlobalSection
	GlobalSection(SolutionProperties) = preSolution
		HideSolutionNode = FALSE
	EndGlobalSection
	GlobalSection(ExtensibilityGlobals) = postSolution
		SolutionGuid = {BC71EC1C-46D1-402D-988D-8209BC0F8499}
	EndGlobalSection
EndGlobal
