
Microsoft Visual Studio Solution File, Format Version 12.00
# Visual Studio Version 17
VisualStudioVersion = 17.12.35707.178 d17.12
MinimumVisualStudioVersion = 10.0.40219.1
Project("{FAE04EC0-301F-11D3-BF4B-00C04F79EFBC}") = "VPMSCustomer.Lib.Data", "VPMSCustomer.Lib.Data.csproj", "{5F9573C1-5EF8-4C24-AD8F-0C7E60A207DC}"
EndProject
Global
	GlobalSection(SolutionConfigurationPlatforms) = preSolution
		Debug|Any CPU = Debug|Any CPU
		Release|Any CPU = Release|Any CPU
	EndGlobalSection
	GlobalSection(ProjectConfigurationPlatforms) = postSolution
		{5F9573C1-5EF8-4C24-AD8F-0C7E60A207DC}.Debug|Any CPU.ActiveCfg = Debug|Any CPU
		{5F9573C1-5EF8-4C24-AD8F-0C7E60A207DC}.Debug|Any CPU.Build.0 = Debug|Any CPU
		{5F9573C1-5EF8-4C24-AD8F-0C7E60A207DC}.Release|Any CPU.ActiveCfg = Release|Any CPU
		{5F9573C1-5EF8-4C24-AD8F-0C7E60A207DC}.Release|Any CPU.Build.0 = Release|Any CPU
	EndGlobalSection
	GlobalSection(SolutionProperties) = preSolution
		HideSolutionNode = FALSE
	EndGlobalSection
EndGlobal
