
Microsoft Visual Studio Solution File, Format Version 12.00
# Visual Studio Version 17
VisualStudioVersion = 17.11.35327.3
MinimumVisualStudioVersion = 10.0.40219.1
Project("{FAE04EC0-301F-11D3-BF4B-00C04F79EFBC}") = "VPMSTransactionSummaryTask", "VPMSTransactionSummaryTask.csproj", "{24984AB1-57CA-4837-8644-9BFAEF08A304}"
EndProject
Global
	GlobalSection(SolutionConfigurationPlatforms) = preSolution
		Debug|Any CPU = Debug|Any CPU
		Release|Any CPU = Release|Any CPU
	EndGlobalSection
	GlobalSection(ProjectConfigurationPlatforms) = postSolution
		{24984AB1-57CA-4837-8644-9BFAEF08A304}.Debug|Any CPU.ActiveCfg = Debug|Any CPU
		{24984AB1-57CA-4837-8644-9BFAEF08A304}.Debug|Any CPU.Build.0 = Debug|Any CPU
		{24984AB1-57CA-4837-8644-9BFAEF08A304}.Release|Any CPU.ActiveCfg = Release|Any CPU
		{24984AB1-57CA-4837-8644-9BFAEF08A304}.Release|Any CPU.Build.0 = Release|Any CPU
	EndGlobalSection
	GlobalSection(SolutionProperties) = preSolution
		HideSolutionNode = FALSE
	EndGlobalSection
	GlobalSection(ExtensibilityGlobals) = postSolution
		SolutionGuid = {CB2D4B6B-CE8E-4017-9889-FB3C274BE8BF}
	EndGlobalSection
EndGlobal
